
Microsoft Visual Studio Solution File, Format Version 12.00
# Visual Studio Version 17
VisualStudioVersion = 17.0.32112.339
MinimumVisualStudioVersion = 10.0.40219.1
Project("{9A19103F-16F7-4668-BE54-9A1E7A4F7556}") = "T01. Day of Week", "T01. Day of Week\T01. Day of Week.csproj", "{9FB4ACEB-1CCC-42FA-ADD9-9EF69368F68C}"
EndProject
Project("{9A19103F-16F7-4668-BE54-9A1E7A4F7556}") = "Demo", "Demo\Demo.csproj", "{B8D08663-9092-4397-B626-9C30E5D4C009}"
EndProject
Project("{9A19103F-16F7-4668-BE54-9A1E7A4F7556}") = "T02. Print Numbers in Reverse Order", "T02. Print Numbers in Reverse Order\T02. Print Numbers in Reverse Order.csproj", "{EAA3A332-E7B2-413B-ABAB-07F428CB17CF}"
EndProject
Project("{9A19103F-16F7-4668-BE54-9A1E7A4F7556}") = "T03. Rounding Numbers", "T03. Rounding Numbers\T03. Rounding Numbers.csproj", "{EFDF63DE-98D9-489F-BACE-C82A84062A4F}"
EndProject
Project("{9A19103F-16F7-4668-BE54-9A1E7A4F7556}") = "T04. Reverse Array of Strings", "T04. Reverse Array of Strings\T04. Reverse Array of Strings.csproj", "{7AEA0F18-1853-48C1-81EF-D3BEFB8EE973}"
EndProject
Project("{9A19103F-16F7-4668-BE54-9A1E7A4F7556}") = "T05. Sum Even Numbers", "T05. Sum Even Numbers\T05. Sum Even Numbers.csproj", "{C6545D89-E477-4AB4-BBC4-BEDEF8364A74}"
EndProject
Project("{FAE04EC0-301F-11D3-BF4B-00C04F79EFBC}") = "T06. Even and Odd Subtraction", "T06. Even and Odd Subtraction\T06. Even and Odd Subtraction.csproj", "{8B5FB7D4-CAE4-4BBC-ADD3-D5EF24967201}"
EndProject
Project("{FAE04EC0-301F-11D3-BF4B-00C04F79EFBC}") = "T07. Equal Arrays", "T07. Equal Arrays\T07. Equal Arrays.csproj", "{7CB61EC8-06C9-4B16-8BC3-2EB86DFE55C8}"
EndProject
Project("{FAE04EC0-301F-11D3-BF4B-00C04F79EFBC}") = "T08. Condense Array to Number", "T08. Condense Array to Number\T08. Condense Array to Number.csproj", "{90CDBB1C-A6CE-47CB-AEF8-65CE6DB5AC81}"
EndProject
Global
	GlobalSection(SolutionConfigurationPlatforms) = preSolution
		Debug|Any CPU = Debug|Any CPU
		Release|Any CPU = Release|Any CPU
	EndGlobalSection
	GlobalSection(ProjectConfigurationPlatforms) = postSolution
		{9FB4ACEB-1CCC-42FA-ADD9-9EF69368F68C}.Debug|Any CPU.ActiveCfg = Debug|Any CPU
		{9FB4ACEB-1CCC-42FA-ADD9-9EF69368F68C}.Debug|Any CPU.Build.0 = Debug|Any CPU
		{9FB4ACEB-1CCC-42FA-ADD9-9EF69368F68C}.Release|Any CPU.ActiveCfg = Release|Any CPU
		{9FB4ACEB-1CCC-42FA-ADD9-9EF69368F68C}.Release|Any CPU.Build.0 = Release|Any CPU
		{B8D08663-9092-4397-B626-9C30E5D4C009}.Debug|Any CPU.ActiveCfg = Debug|Any CPU
		{B8D08663-9092-4397-B626-9C30E5D4C009}.Debug|Any CPU.Build.0 = Debug|Any CPU
		{B8D08663-9092-4397-B626-9C30E5D4C009}.Release|Any CPU.ActiveCfg = Release|Any CPU
		{B8D08663-9092-4397-B626-9C30E5D4C009}.Release|Any CPU.Build.0 = Release|Any CPU
		{EAA3A332-E7B2-413B-ABAB-07F428CB17CF}.Debug|Any CPU.ActiveCfg = Debug|Any CPU
		{EAA3A332-E7B2-413B-ABAB-07F428CB17CF}.Debug|Any CPU.Build.0 = Debug|Any CPU
		{EAA3A332-E7B2-413B-ABAB-07F428CB17CF}.Release|Any CPU.ActiveCfg = Release|Any CPU
		{EAA3A332-E7B2-413B-ABAB-07F428CB17CF}.Release|Any CPU.Build.0 = Release|Any CPU
		{EFDF63DE-98D9-489F-BACE-C82A84062A4F}.Debug|Any CPU.ActiveCfg = Debug|Any CPU
		{EFDF63DE-98D9-489F-BACE-C82A84062A4F}.Debug|Any CPU.Build.0 = Debug|Any CPU
		{EFDF63DE-98D9-489F-BACE-C82A84062A4F}.Release|Any CPU.ActiveCfg = Release|Any CPU
		{EFDF63DE-98D9-489F-BACE-C82A84062A4F}.Release|Any CPU.Build.0 = Release|Any CPU
		{7AEA0F18-1853-48C1-81EF-D3BEFB8EE973}.Debug|Any CPU.ActiveCfg = Debug|Any CPU
		{7AEA0F18-1853-48C1-81EF-D3BEFB8EE973}.Debug|Any CPU.Build.0 = Debug|Any CPU
		{7AEA0F18-1853-48C1-81EF-D3BEFB8EE973}.Release|Any CPU.ActiveCfg = Release|Any CPU
		{7AEA0F18-1853-48C1-81EF-D3BEFB8EE973}.Release|Any CPU.Build.0 = Release|Any CPU
		{C6545D89-E477-4AB4-BBC4-BEDEF8364A74}.Debug|Any CPU.ActiveCfg = Debug|Any CPU
		{C6545D89-E477-4AB4-BBC4-BEDEF8364A74}.Debug|Any CPU.Build.0 = Debug|Any CPU
		{C6545D89-E477-4AB4-BBC4-BEDEF8364A74}.Release|Any CPU.ActiveCfg = Release|Any CPU
		{C6545D89-E477-4AB4-BBC4-BEDEF8364A74}.Release|Any CPU.Build.0 = Release|Any CPU
		{8B5FB7D4-CAE4-4BBC-ADD3-D5EF24967201}.Debug|Any CPU.ActiveCfg = Debug|Any CPU
		{8B5FB7D4-CAE4-4BBC-ADD3-D5EF24967201}.Debug|Any CPU.Build.0 = Debug|Any CPU
		{8B5FB7D4-CAE4-4BBC-ADD3-D5EF24967201}.Release|Any CPU.ActiveCfg = Release|Any CPU
		{8B5FB7D4-CAE4-4BBC-ADD3-D5EF24967201}.Release|Any CPU.Build.0 = Release|Any CPU
		{7CB61EC8-06C9-4B16-8BC3-2EB86DFE55C8}.Debug|Any CPU.ActiveCfg = Debug|Any CPU
		{7CB61EC8-06C9-4B16-8BC3-2EB86DFE55C8}.Debug|Any CPU.Build.0 = Debug|Any CPU
		{7CB61EC8-06C9-4B16-8BC3-2EB86DFE55C8}.Release|Any CPU.ActiveCfg = Release|Any CPU
		{7CB61EC8-06C9-4B16-8BC3-2EB86DFE55C8}.Release|Any CPU.Build.0 = Release|Any CPU
		{90CDBB1C-A6CE-47CB-AEF8-65CE6DB5AC81}.Debug|Any CPU.ActiveCfg = Debug|Any CPU
		{90CDBB1C-A6CE-47CB-AEF8-65CE6DB5AC81}.Debug|Any CPU.Build.0 = Debug|Any CPU
		{90CDBB1C-A6CE-47CB-AEF8-65CE6DB5AC81}.Release|Any CPU.ActiveCfg = Release|Any CPU
		{90CDBB1C-A6CE-47CB-AEF8-65CE6DB5AC81}.Release|Any CPU.Build.0 = Release|Any CPU
	EndGlobalSection
	GlobalSection(SolutionProperties) = preSolution
		HideSolutionNode = FALSE
	EndGlobalSection
	GlobalSection(ExtensibilityGlobals) = postSolution
		SolutionGuid = {AC17F48D-DF63-44C8-8D0A-F1B01954ECC4}
	EndGlobalSection
EndGlobal
